
Microsoft Visual Studio Solution File, Format Version 11.00
# Visual Web Developer Express 2010
Project("{FAE04EC0-301F-11D3-BF4B-00C04F79EFBC}") = "MvcAldoTijerina", "MvcAldoTijerina\MvcAldoTijerina.csproj", "{7BBBA146-CC8F-45C5-B5BB-DE9C20B19456}"
EndProject
Global
	GlobalSection(SolutionConfigurationPlatforms) = preSolution
		Debug|Any CPU = Debug|Any CPU
		Release|Any CPU = Release|Any CPU
	EndGlobalSection
	GlobalSection(ProjectConfigurationPlatforms) = postSolution
		{7BBBA146-CC8F-45C5-B5BB-DE9C20B19456}.Debug|Any CPU.ActiveCfg = Debug|Any CPU
		{7BBBA146-CC8F-45C5-B5BB-DE9C20B19456}.Debug|Any CPU.Build.0 = Debug|Any CPU
		{7BBBA146-CC8F-45C5-B5BB-DE9C20B19456}.Release|Any CPU.ActiveCfg = Release|Any CPU
		{7BBBA146-CC8F-45C5-B5BB-DE9C20B19456}.Release|Any CPU.Build.0 = Release|Any CPU
	EndGlobalSection
	GlobalSection(SolutionProperties) = preSolution
		HideSolutionNode = FALSE
	EndGlobalSection
EndGlobal
